
Microsoft Visual Studio Solution File, Format Version 12.00
# Visual Studio Version 17
VisualStudioVersion = 17.6.33801.468
MinimumVisualStudioVersion = 10.0.40219.1
Project("{8BC9CEB8-8B4A-11D0-8D11-00A0C91BC942}") = "SingleList", "SingleList.vcxproj", "{8AE2EBEB-4820-4041-B5C4-4E39D9CD8BAD}"
EndProject
Global
	GlobalSection(SolutionConfigurationPlatforms) = preSolution
		Debug|x64 = Debug|x64
		Debug|x86 = Debug|x86
		Release|x64 = Release|x64
		Release|x86 = Release|x86
	EndGlobalSection
	GlobalSection(ProjectConfigurationPlatforms) = postSolution
		{8AE2EBEB-4820-4041-B5C4-4E39D9CD8BAD}.Debug|x64.ActiveCfg = Debug|x64
		{8AE2EBEB-4820-4041-B5C4-4E39D9CD8BAD}.Debug|x64.Build.0 = Debug|x64
		{8AE2EBEB-4820-4041-B5C4-4E39D9CD8BAD}.Debug|x86.ActiveCfg = Debug|Win32
		{8AE2EBEB-4820-4041-B5C4-4E39D9CD8BAD}.Debug|x86.Build.0 = Debug|Win32
		{8AE2EBEB-4820-4041-B5C4-4E39D9CD8BAD}.Release|x64.ActiveCfg = Release|x64
		{8AE2EBEB-4820-4041-B5C4-4E39D9CD8BAD}.Release|x64.Build.0 = Release|x64
		{8AE2EBEB-4820-4041-B5C4-4E39D9CD8BAD}.Release|x86.ActiveCfg = Release|Win32
		{8AE2EBEB-4820-4041-B5C4-4E39D9CD8BAD}.Release|x86.Build.0 = Release|Win32
	EndGlobalSection
	GlobalSection(SolutionProperties) = preSolution
		HideSolutionNode = FALSE
	EndGlobalSection
	GlobalSection(ExtensibilityGlobals) = postSolution
		SolutionGuid = {93BF6F69-3D7B-473D-BBF1-A01EE0C8EA58}
	EndGlobalSection
EndGlobal
