
Microsoft Visual Studio Solution File, Format Version 12.00
# Visual Studio Version 17
VisualStudioVersion = 17.7.34031.279
MinimumVisualStudioVersion = 10.0.40219.1
Project("{8BC9CEB8-8B4A-11D0-8D11-00A0C91BC942}") = "BitSet", "BitSet.vcxproj", "{1ACCE418-7B71-495C-8428-BE274941478C}"
EndProject
Global
	GlobalSection(SolutionConfigurationPlatforms) = preSolution
		Debug|x64 = Debug|x64
		Debug|x86 = Debug|x86
		Release|x64 = Release|x64
		Release|x86 = Release|x86
	EndGlobalSection
	GlobalSection(ProjectConfigurationPlatforms) = postSolution
		{1ACCE418-7B71-495C-8428-BE274941478C}.Debug|x64.ActiveCfg = Debug|x64
		{1ACCE418-7B71-495C-8428-BE274941478C}.Debug|x64.Build.0 = Debug|x64
		{1ACCE418-7B71-495C-8428-BE274941478C}.Debug|x86.ActiveCfg = Debug|Win32
		{1ACCE418-7B71-495C-8428-BE274941478C}.Debug|x86.Build.0 = Debug|Win32
		{1ACCE418-7B71-495C-8428-BE274941478C}.Release|x64.ActiveCfg = Release|x64
		{1ACCE418-7B71-495C-8428-BE274941478C}.Release|x64.Build.0 = Release|x64
		{1ACCE418-7B71-495C-8428-BE274941478C}.Release|x86.ActiveCfg = Release|Win32
		{1ACCE418-7B71-495C-8428-BE274941478C}.Release|x86.Build.0 = Release|Win32
	EndGlobalSection
	GlobalSection(SolutionProperties) = preSolution
		HideSolutionNode = FALSE
	EndGlobalSection
	GlobalSection(ExtensibilityGlobals) = postSolution
		SolutionGuid = {9003E2EA-2FD4-4580-9B7D-D707169F7B0A}
	EndGlobalSection
EndGlobal
