
Microsoft Visual Studio Solution File, Format Version 12.00
# Visual Studio Version 17
VisualStudioVersion = 17.6.33829.357
MinimumVisualStudioVersion = 10.0.40219.1
Project("{8BC9CEB8-8B4A-11D0-8D11-00A0C91BC942}") = "Class Date", "Class Date.vcxproj", "{E02E719F-4DD7-4B8B-966B-A21697F1D2B1}"
EndProject
Global
	GlobalSection(SolutionConfigurationPlatforms) = preSolution
		Debug|x64 = Debug|x64
		Debug|x86 = Debug|x86
		Release|x64 = Release|x64
		Release|x86 = Release|x86
	EndGlobalSection
	GlobalSection(ProjectConfigurationPlatforms) = postSolution
		{E02E719F-4DD7-4B8B-966B-A21697F1D2B1}.Debug|x64.ActiveCfg = Debug|x64
		{E02E719F-4DD7-4B8B-966B-A21697F1D2B1}.Debug|x64.Build.0 = Debug|x64
		{E02E719F-4DD7-4B8B-966B-A21697F1D2B1}.Debug|x86.ActiveCfg = Debug|Win32
		{E02E719F-4DD7-4B8B-966B-A21697F1D2B1}.Debug|x86.Build.0 = Debug|Win32
		{E02E719F-4DD7-4B8B-966B-A21697F1D2B1}.Release|x64.ActiveCfg = Release|x64
		{E02E719F-4DD7-4B8B-966B-A21697F1D2B1}.Release|x64.Build.0 = Release|x64
		{E02E719F-4DD7-4B8B-966B-A21697F1D2B1}.Release|x86.ActiveCfg = Release|Win32
		{E02E719F-4DD7-4B8B-966B-A21697F1D2B1}.Release|x86.Build.0 = Release|Win32
	EndGlobalSection
	GlobalSection(SolutionProperties) = preSolution
		HideSolutionNode = FALSE
	EndGlobalSection
	GlobalSection(ExtensibilityGlobals) = postSolution
		SolutionGuid = {3E7DE604-5C1D-4785-8B3A-C4D94D4A4A87}
	EndGlobalSection
EndGlobal
